// !$*UTF8*$!
{
	archiveVersion = 1;
	classes = {
	};
	objectVersion = 46;
	objects = {

/* Begin PBXBuildFile section */
		4E29BCFC1E76596200768906 /* main.m in Sources */ = {isa = PBXBuildFile; fileRef = 4E29BCFB1E76596200768906 /* main.m */; };
		4E29BCFF1E76596200768906 /* AppDelegate.m in Sources */ = {isa = PBXBuildFile; fileRef = 4E29BCFE1E76596200768906 /* AppDelegate.m */; };
		4E29BD021E76596200768906 /* ViewController.m in Sources */ = {isa = PBXBuildFile; fileRef = 4E29BD011E76596200768906 /* ViewController.m */; };
		4E29BD051E76596200768906 /* Main.storyboard in Resources */ = {isa = PBXBuildFile; fileRef = 4E29BD031E76596200768906 /* Main.storyboard */; };
		4E29BD071E76596200768906 /* Assets.xcassets in Resources */ = {isa = PBXBuildFile; fileRef = 4E29BD061E76596200768906 /* Assets.xcassets */; };
		4E29BD0A1E76596200768906 /* LaunchScreen.storyboard in Resources */ = {isa = PBXBuildFile; fileRef = 4E29BD081E76596200768906 /* LaunchScreen.storyboard */; };
		4E29BD151E76596200768906 /* testDemoTests.m in Sources */ = {isa = PBXBuildFile; fileRef = 4E29BD141E76596200768906 /* testDemoTests.m */; };
		4E29BD201E76596200768906 /* testDemoUITests.m in Sources */ = {isa = PBXBuildFile; fileRef = 4E29BD1F1E76596200768906 /* testDemoUITests.m */; };
/* End PBXBuildFile section */

/* Begin PBXContainerItemProxy section */
		4E29BD111E76596200768906 /* PBXContainerItemProxy */ = {
			isa = PBXContainerItemProxy;
			containerPortal = 4E29BCEF1E76596100768906 /* Project object */;
			proxyType = 1;
			remoteGlobalIDString = 4E29BCF61E76596100768906;
			remoteInfo = testDemo;
		};
		4E29BD1C1E76596200768906 /* PBXContainerItemProxy */ = {
			isa = PBXContainerItemProxy;
			containerPortal = 4E29BCEF1E76596100768906 /* Project object */;
			proxyType = 1;
			remoteGlobalIDString = 4E29BCF61E76596100768906;
			remoteInfo = testDemo;
		};
/* End PBXContainerItemProxy section */

/* Begin PBXFileReference section */
		4E29BCF71E76596200768906 /* testDemo.app */ = {isa = PBXFileReference; explicitFileType = wrapper.application; includeInIndex = 0; path = testDemo.app; sourceTree = BUILT_PRODUCTS_DIR; };
		4E29BCFB1E76596200768906 /* main.m */ = {isa = PBXFileReference; lastKnownFileType = sourcecode.c.objc; path = main.m; sourceTree = "<group>"; };
		4E29BCFD1E76596200768906 /* AppDelegate.h */ = {isa = PBXFileReference; lastKnownFileType = sourcecode.c.h; path = AppDelegate.h; sourceTree = "<group>"; };
		4E29BCFE1E76596200768906 /* AppDelegate.m */ = {isa = PBXFileReference; lastKnownFileType = sourcecode.c.objc; path = AppDelegate.m; sourceTree = "<group>"; };
		4E29BD001E76596200768906 /* ViewController.h */ = {isa = PBXFileReference; lastKnownFileType = sourcecode.c.h; path = ViewController.h; sourceTree = "<group>"; };
		4E29BD011E76596200768906 /* ViewController.m */ = {isa = PBXFileReference; lastKnownFileType = sourcecode.c.objc; path = ViewController.m; sourceTree = "<group>"; };
		4E29BD041E76596200768906 /* Base */ = {isa = PBXFileReference; lastKnownFileType = file.storyboard; name = Base; path = Base.lproj/Main.storyboard; sourceTree = "<group>"; };
		4E29BD061E76596200768906 /* Assets.xcassets */ = {isa = PBXFileReference; lastKnownFileType = folder.assetcatalog; path = Assets.xcassets; sourceTree = "<group>"; };
		4E29BD091E76596200768906 /* Base */ = {isa = PBXFileReference; lastKnownFileType = file.storyboard; name = Base; path = Base.lproj/LaunchScreen.storyboard; sourceTree = "<group>"; };
		4E29BD0B1E76596200768906 /* Info.plist */ = {isa = PBXFileReference; lastKnownFileType = text.plist.xml; path = Info.plist; sourceTree = "<group>"; };
		4E29BD101E76596200768906 /* testDemoTests.xctest */ = {isa = PBXFileReference; explicitFileType = wrapper.cfbundle; includeInIndex = 0; path = testDemoTests.xctest; sourceTree = BUILT_PRODUCTS_DIR; };
		4E29BD141E76596200768906 /* testDemoTests.m */ = {isa = PBXFileReference; lastKnownFileType = sourcecode.c.objc; path = testDemoTests.m; sourceTree = "<group>"; };
		4E29BD161E76596200768906 /* Info.plist */ = {isa = PBXFileReference; lastKnownFileType = text.plist.xml; path = Info.plist; sourceTree = "<group>"; };
		4E29BD1B1E76596200768906 /* testDemoUITests.xctest */ = {isa = PBXFileReference; explicitFileType = wrapper.cfbundle; includeInIndex = 0; path = testDemoUITests.xctest; sourceTree = BUILT_PRODUCTS_DIR; };
		4E29BD1F1E76596200768906 /* testDemoUITests.m */ = {isa = PBXFileReference; lastKnownFileType = sourcecode.c.objc; path = testDemoUITests.m; sourceTree = "<group>"; };
		4E29BD211E76596200768906 /* Info.plist */ = {isa = PBXFileReference; lastKnownFileType = text.plist.xml; path = Info.plist; sourceTree = "<group>"; };
/* End PBXFileReference section */

/* Begin PBXFrameworksBuildPhase section */
		4E29BCF41E76596100768906 /* Frameworks */ = {
			isa = PBXFrameworksBuildPhase;
			buildActionMask = 2147483647;
			files = (
			);
			runOnlyForDeploymentPostprocessing = 0;
		};
		4E29BD0D1E76596200768906 /* Frameworks */ = {
			isa = PBXFrameworksBuildPhase;
			buildActionMask = 2147483647;
			files = (
			);
			runOnlyForDeploymentPostprocessing = 0;
		};
		4E29BD181E76596200768906 /* Frameworks */ = {
			isa = PBXFrameworksBuildPhase;
			buildActionMask = 2147483647;
			files = (
			);
			runOnlyForDeploymentPostprocessing = 0;
		};
/* End PBXFrameworksBuildPhase section */

/* Begin PBXGroup section */
		4E29BCEE1E76596100768906 = {
			isa = PBXGroup;
			children = (
				4E29BCF91E76596200768906 /* testDemo */,
				4E29BD131E76596200768906 /* testDemoTests */,
				4E29BD1E1E76596200768906 /* testDemoUITests */,
				4E29BCF81E76596200768906 /* Products */,
			);
			sourceTree = "<group>";
		};
		4E29BCF81E76596200768906 /* Products */ = {
			isa = PBXGroup;
			children = (
				4E29BCF71E76596200768906 /* testDemo.app */,
				4E29BD101E76596200768906 /* testDemoTests.xctest */,
				4E29BD1B1E76596200768906 /* testDemoUITests.xctest */,
			);
			name = Products;
			sourceTree = "<group>";
		};
		4E29BCF91E76596200768906 /* testDemo */ = {
			isa = PBXGroup;
			children = (
				4E29BCFD1E76596200768906 /* AppDelegate.h */,
				4E29BCFE1E76596200768906 /* AppDelegate.m */,
				4E29BD001E76596200768906 /* ViewController.h */,
				4E29BD011E76596200768906 /* ViewController.m */,
				4E29BD031E76596200768906 /* Main.storyboard */,
				4E29BD061E76596200768906 /* Assets.xcassets */,
				4E29BD081E76596200768906 /* LaunchScreen.storyboard */,
				4E29BD0B1E76596200768906 /* Info.plist */,
				4E29BCFA1E76596200768906 /* Supporting Files */,
			);
			path = testDemo;
			sourceTree = "<group>";
		};
		4E29BCFA1E76596200768906 /* Supporting Files */ = {
			isa = PBXGroup;
			children = (
				4E29BCFB1E76596200768906 /* main.m */,
			);
			name = "Supporting Files";
			sourceTree = "<group>";
		};
		4E29BD131E76596200768906 /* testDemoTests */ = {
			isa = PBXGroup;
			children = (
				4E29BD141E76596200768906 /* testDemoTests.m */,
				4E29BD161E76596200768906 /* Info.plist */,
			);
			path = testDemoTests;
			sourceTree = "<group>";
		};
		4E29BD1E1E76596200768906 /* testDemoUITests */ = {
			isa = PBXGroup;
			children = (
				4E29BD1F1E76596200768906 /* testDemoUITests.m */,
				4E29BD211E76596200768906 /* Info.plist */,
			);
			path = testDemoUITests;
			sourceTree = "<group>";
		};
/* End PBXGroup section */

/* Begin PBXNativeTarget section */
		4E29BCF61E76596100768906 /* testDemo */ = {
			isa = PBXNativeTarget;
			buildConfigurationList = 4E29BD241E76596200768906 /* Build configuration list for PBXNativeTarget "testDemo" */;
			buildPhases = (
				4E29BCF31E76596100768906 /* Sources */,
				4E29BCF41E76596100768906 /* Frameworks */,
				4E29BCF51E76596100768906 /* Resources */,
			);
			buildRules = (
			);
			dependencies = (
			);
			name = testDemo;
			productName = testDemo;
			productReference = 4E29BCF71E76596200768906 /* testDemo.app */;
			productType = "com.apple.product-type.application";
		};
		4E29BD0F1E76596200768906 /* testDemoTests */ = {
			isa = PBXNativeTarget;
			buildConfigurationList = 4E29BD271E76596200768906 /* Build configuration list for PBXNativeTarget "testDemoTests" */;
			buildPhases = (
				4E29BD0C1E76596200768906 /* Sources */,
				4E29BD0D1E76596200768906 /* Frameworks */,
				4E29BD0E1E76596200768906 /* Resources */,
			);
			buildRules = (
			);
			dependencies = (
				4E29BD121E76596200768906 /* PBXTargetDependency */,
			);
			name = testDemoTests;
			productName = testDemoTests;
			productReference = 4E29BD101E76596200768906 /* testDemoTests.xctest */;
			productType = "com.apple.product-type.bundle.unit-test";
		};
		4E29BD1A1E76596200768906 /* testDemoUITests */ = {
			isa = PBXNativeTarget;
			buildConfigurationList = 4E29BD2A1E76596200768906 /* Build configuration list for PBXNativeTarget "testDemoUITests" */;
			buildPhases = (
				4E29BD171E76596200768906 /* Sources */,
				4E29BD181E76596200768906 /* Frameworks */,
				4E29BD191E76596200768906 /* Resources */,
			);
			buildRules = (
			);
			dependencies = (
				4E29BD1D1E76596200768906 /* PBXTargetDependency */,
			);
			name = testDemoUITests;
			productName = testDemoUITests;
			productReference = 4E29BD1B1E76596200768906 /* testDemoUITests.xctest */;
			productType = "com.apple.product-type.bundle.ui-testing";
		};
/* End PBXNativeTarget section */

/* Begin PBXProject section */
		4E29BCEF1E76596100768906 /* Project object */ = {
			isa = PBXProject;
			attributes = {
				LastUpgradeCheck = 0820;
				ORGANIZATIONNAME = limingfeng;
				TargetAttributes = {
					4E29BCF61E76596100768906 = {
						CreatedOnToolsVersion = 8.2.1;
						ProvisioningStyle = Automatic;
					};
					4E29BD0F1E76596200768906 = {
						CreatedOnToolsVersion = 8.2.1;
						ProvisioningStyle = Automatic;
						TestTargetID = 4E29BCF61E76596100768906;
					};
					4E29BD1A1E76596200768906 = {
						CreatedOnToolsVersion = 8.2.1;
						ProvisioningStyle = Automatic;
						TestTargetID = 4E29BCF61E76596100768906;
					};
				};
			};
			buildConfigurationList = 4E29BCF21E76596100768906 /* Build configuration list for PBXProject "testDemo" */;
			compatibilityVersion = "Xcode 3.2";
			developmentRegion = English;
			hasScannedForEncodings = 0;
			knownRegions = (
				en,
				Base,
			);
			mainGroup = 4E29BCEE1E76596100768906;
			productRefGroup = 4E29BCF81E76596200768906 /* Products */;
			projectDirPath = "";
			projectRoot = "";
			targets = (
				4E29BCF61E76596100768906 /* testDemo */,
				4E29BD0F1E76596200768906 /* testDemoTests */,
				4E29BD1A1E76596200768906 /* testDemoUITests */,
			);
		};
/* End PBXProject section */

/* Begin PBXResourcesBuildPhase section */
		4E29BCF51E76596100768906 /* Resources */ = {
			isa = PBXResourcesBuildPhase;
			buildActionMask = 2147483647;
			files = (
				4E29BD0A1E76596200768906 /* LaunchScreen.storyboard in Resources */,
				4E29BD071E76596200768906 /* Assets.xcassets in Resources */,
				4E29BD051E76596200768906 /* Main.storyboard in Resources */,
			);
			runOnlyForDeploymentPostprocessing = 0;
		};
		4E29BD0E1E76596200768906 /* Resources */ = {
			isa = PBXResourcesBuildPhase;
			buildActionMask = 2147483647;
			files = (
			);
			runOnlyForDeploymentPostprocessing = 0;
		};
		4E29BD191E76596200768906 /* Resources */ = {
			isa = PBXResourcesBuildPhase;
			buildActionMask = 2147483647;
			files = (
			);
			runOnlyForDeploymentPostprocessing = 0;
		};
/* End PBXResourcesBuildPhase section */

/* Begin PBXSourcesBuildPhase section */
		4E29BCF31E76596100768906 /* Sources */ = {
			isa = PBXSourcesBuildPhase;
			buildActionMask = 2147483647;
			files = (
				4E29BD021E76596200768906 /* ViewController.m in Sources */,
				4E29BCFF1E76596200768906 /* AppDelegate.m in Sources */,
				4E29BCFC1E76596200768906 /* main.m in Sources */,
			);
			runOnlyForDeploymentPostprocessing = 0;
		};
		4E29BD0C1E76596200768906 /* Sources */ = {
			isa = PBXSourcesBuildPhase;
			buildActionMask = 2147483647;
			files = (
				4E29BD151E76596200768906 /* testDemoTests.m in Sources */,
			);
			runOnlyForDeploymentPostprocessing = 0;
		};
		4E29BD171E76596200768906 /* Sources */ = {
			isa = PBXSourcesBuildPhase;
			buildActionMask = 2147483647;
			files = (
				4E29BD201E76596200768906 /* testDemoUITests.m in Sources */,
			);
			runOnlyForDeploymentPostprocessing = 0;
		};
/* End PBXSourcesBuildPhase section */

/* Begin PBXTargetDependency section */
		4E29BD121E76596200768906 /* PBXTargetDependency */ = {
			isa = PBXTargetDependency;
			target = 4E29BCF61E76596100768906 /* testDemo */;
			targetProxy = 4E29BD111E76596200768906 /* PBXContainerItemProxy */;
		};
		4E29BD1D1E76596200768906 /* PBXTargetDependency */ = {
			isa = PBXTargetDependency;
			target = 4E29BCF61E76596100768906 /* testDemo */;
			targetProxy = 4E29BD1C1E76596200768906 /* PBXContainerItemProxy */;
		};
/* End PBXTargetDependency section */

/* Begin PBXVariantGroup section */
		4E29BD031E76596200768906 /* Main.storyboard */ = {
			isa = PBXVariantGroup;
			children = (
				4E29BD041E76596200768906 /* Base */,
			);
			name = Main.storyboard;
			sourceTree = "<group>";
		};
		4E29BD081E76596200768906 /* LaunchScreen.storyboard */ = {
			isa = PBXVariantGroup;
			children = (
				4E29BD091E76596200768906 /* Base */,
			);
			name = LaunchScreen.storyboard;
			sourceTree = "<group>";
		};
/* End PBXVariantGroup section */

/* Begin XCBuildConfiguration section */
		4E29BD221E76596200768906 /* Debug */ = {
			isa = XCBuildConfiguration;
			buildSettings = {
				ALWAYS_SEARCH_USER_PATHS = NO;
				CLANG_ANALYZER_NONNULL = YES;
				CLANG_CXX_LANGUAGE_STANDARD = "gnu++0x";
				CLANG_CXX_LIBRARY = "libc++";
				CLANG_ENABLE_MODULES = YES;
				CLANG_ENABLE_OBJC_ARC = YES;
				CLANG_WARN_BOOL_CONVERSION = YES;
				CLANG_WARN_CONSTANT_CONVERSION = YES;
				CLANG_WARN_DIRECT_OBJC_ISA_USAGE = YES_ERROR;
				CLANG_WARN_DOCUMENTATION_COMMENTS = YES;
				CLANG_WARN_EMPTY_BODY = YES;
				CLANG_WARN_ENUM_CONVERSION = YES;
				CLANG_WARN_INFINITE_RECURSION = YES;
				CLANG_WARN_INT_CONVERSION = YES;
				CLANG_WARN_OBJC_ROOT_CLASS = YES_ERROR;
				CLANG_WARN_SUSPICIOUS_MOVE = YES;
				CLANG_WARN_UNREACHABLE_CODE = YES;
				CLANG_WARN__DUPLICATE_METHOD_MATCH = YES;
				"CODE_SIGN_IDENTITY[sdk=iphoneos*]" = "iPhone Developer";
				COPY_PHASE_STRIP = NO;
				DEBUG_INFORMATION_FORMAT = dwarf;
				ENABLE_STRICT_OBJC_MSGSEND = YES;
				ENABLE_TESTABILITY = YES;
				GCC_C_LANGUAGE_STANDARD = gnu99;
				GCC_DYNAMIC_NO_PIC = NO;
				GCC_NO_COMMON_BLOCKS = YES;
				GCC_OPTIMIZATION_LEVEL = 0;
				GCC_PREPROCESSOR_DEFINITIONS = (
					"DEBUG=1",
					"$(inherited)",
				);
				GCC_WARN_64_TO_32_BIT_CONVERSION = YES;
				GCC_WARN_ABOUT_RETURN_TYPE = YES_ERROR;
				GCC_WARN_UNDECLARED_SELECTOR = YES;
				GCC_WARN_UNINITIALIZED_AUTOS = YES_AGGRESSIVE;
				GCC_WARN_UNUSED_FUNCTION = YES;
				GCC_WARN_UNUSED_VARIABLE = YES;
				IPHONEOS_DEPLOYMENT_TARGET = 10.2;
				MTL_ENABLE_DEBUG_INFO = YES;
				ONLY_ACTIVE_ARCH = YES;
				SDKROOT = iphoneos;
				TARGETED_DEVICE_FAMILY = "1,2";
			};
			name = Debug;
		};
		4E29BD231E76596200768906 /* Release */ = {
			isa = XCBuildConfiguration;
			buildSettings = {
				ALWAYS_SEARCH_USER_PATHS = NO;
				CLANG_ANALYZER_NONNULL = YES;
				CLANG_CXX_LANGUAGE_STANDARD = "gnu++0x";
				CLANG_CXX_LIBRARY = "libc++";
				CLANG_ENABLE_MODULES = YES;
				CLANG_ENABLE_OBJC_ARC = YES;
				CLANG_WARN_BOOL_CONVERSION = YES;
				CLANG_WARN_CONSTANT_CONVERSION = YES;
				CLANG_WARN_DIRECT_OBJC_ISA_USAGE = YES_ERROR;
				CLANG_WARN_DOCUMENTATION_COMMENTS = YES;
				CLANG_WARN_EMPTY_BODY = YES;
				CLANG_WARN_ENUM_CONVERSION = YES;
				CLANG_WARN_INFINITE_RECURSION = YES;
				CLANG_WARN_INT_CONVERSION = YES;
				CLANG_WARN_OBJC_ROOT_CLASS = YES_ERROR;
				CLANG_WARN_SUSPICIOUS_MOVE = YES;
				CLANG_WARN_UNREACHABLE_CODE = YES;
				CLANG_WARN__DUPLICATE_METHOD_MATCH = YES;
				"CODE_SIGN_IDENTITY[sdk=iphoneos*]" = "iPhone Developer";
				COPY_PHASE_STRIP = NO;
				DEBUG_INFORMATION_FORMAT = "dwarf-with-dsym";
				ENABLE_NS_ASSERTIONS = NO;
				ENABLE_STRICT_OBJC_MSGSEND = YES;
				GCC_C_LANGUAGE_STANDARD = gnu99;
				GCC_NO_COMMON_BLOCKS = YES;
				GCC_WARN_64_TO_32_BIT_CONVERSION = YES;
				GCC_WARN_ABOUT_RETURN_TYPE = YES_ERROR;
				GCC_WARN_UNDECLARED_SELECTOR = YES;
				GCC_WARN_UNINITIALIZED_AUTOS = YES_AGGRESSIVE;
				GCC_WARN_UNUSED_FUNCTION = YES;
				GCC_WARN_UNUSED_VARIABLE = YES;
				IPHONEOS_DEPLOYMENT_TARGET = 10.2;
				MTL_ENABLE_DEBUG_INFO = NO;
				SDKROOT = iphoneos;
				TARGETED_DEVICE_FAMILY = "1,2";
				VALIDATE_PRODUCT = YES;
			};
			name = Release;
		};
		4E29BD251E76596200768906 /* Debug */ = {
			isa = XCBuildConfiguration;
			buildSettings = {
				ASSETCATALOG_COMPILER_APPICON_NAME = AppIcon;
				INFOPLIST_FILE = testDemo/Info.plist;
				LD_RUNPATH_SEARCH_PATHS = "$(inherited) @executable_path/Frameworks";
				PRODUCT_BUNDLE_IDENTIFIER = limingfeng.com.testDemo;
				PRODUCT_NAME = "$(TARGET_NAME)";
			};
			name = Debug;
		};
		4E29BD261E76596200768906 /* Release */ = {
			isa = XCBuildConfiguration;
			buildSettings = {
				ASSETCATALOG_COMPILER_APPICON_NAME = AppIcon;
				INFOPLIST_FILE = testDemo/Info.plist;
				LD_RUNPATH_SEARCH_PATHS = "$(inherited) @executable_path/Frameworks";
				PRODUCT_BUNDLE_IDENTIFIER = limingfeng.com.testDemo;
				PRODUCT_NAME = "$(TARGET_NAME)";
			};
			name = Release;
		};
		4E29BD281E76596200768906 /* Debug */ = {
			isa = XCBuildConfiguration;
			buildSettings = {
				BUNDLE_LOADER = "$(TEST_HOST)";
				INFOPLIST_FILE = testDemoTests/Info.plist;
				LD_RUNPATH_SEARCH_PATHS = "$(inherited) @executable_path/Frameworks @loader_path/Frameworks";
				PRODUCT_BUNDLE_IDENTIFIER = limingfeng.com.testDemoTests;
				PRODUCT_NAME = "$(TARGET_NAME)";
				TEST_HOST = "$(BUILT_PRODUCTS_DIR)/testDemo.app/testDemo";
			};
			name = Debug;
		};
		4E29BD291E76596200768906 /* Release */ = {
			isa = XCBuildConfiguration;
			buildSettings = {
				BUNDLE_LOADER = "$(TEST_HOST)";
				INFOPLIST_FILE = testDemoTests/Info.plist;
				LD_RUNPATH_SEARCH_PATHS = "$(inherited) @executable_path/Frameworks @loader_path/Frameworks";
				PRODUCT_BUNDLE_IDENTIFIER = limingfeng.com.testDemoTests;
				PRODUCT_NAME = "$(TARGET_NAME)";
				TEST_HOST = "$(BUILT_PRODUCTS_DIR)/testDemo.app/testDemo";
			};
			name = Release;
		};
		4E29BD2B1E76596200768906 /* Debug */ = {
			isa = XCBuildConfiguration;
			buildSettings = {
				INFOPLIST_FILE = testDemoUITests/Info.plist;
				LD_RUNPATH_SEARCH_PATHS = "$(inherited) @executable_path/Frameworks @loader_path/Frameworks";
				PRODUCT_BUNDLE_IDENTIFIER = limingfeng.com.testDemoUITests;
				PRODUCT_NAME = "$(TARGET_NAME)";
				TEST_TARGET_NAME = testDemo;
			};
			name = Debug;
		};
		4E29BD2C1E76596200768906 /* Release */ = {
			isa = XCBuildConfiguration;
			buildSettings = {
				INFOPLIST_FILE = testDemoUITests/Info.plist;
				LD_RUNPATH_SEARCH_PATHS = "$(inherited) @executable_path/Frameworks @loader_path/Frameworks";
				PRODUCT_BUNDLE_IDENTIFIER = limingfeng.com.testDemoUITests;
				PRODUCT_NAME = "$(TARGET_NAME)";
				TEST_TARGET_NAME = testDemo;
			};
			name = Release;
		};
/* End XCBuildConfiguration section */

/* Begin XCConfigurationList section */
		4E29BCF21E76596100768906 /* Build configuration list for PBXProject "testDemo" */ = {
			isa = XCConfigurationList;
			buildConfigurations = (
				4E29BD221E76596200768906 /* Debug */,
				4E29BD231E76596200768906 /* Release */,
			);
			defaultConfigurationIsVisible = 0;
			defaultConfigurationName = Release;
		};
		4E29BD241E76596200768906 /* Build configuration list for PBXNativeTarget "testDemo" */ = {
			isa = XCConfigurationList;
			buildConfigurations = (
				4E29BD251E76596200768906 /* Debug */,
				4E29BD261E76596200768906 /* Release */,
			);
			defaultConfigurationIsVisible = 0;
		};
		4E29BD271E76596200768906 /* Build configuration list for PBXNativeTarget "testDemoTests" */ = {
			isa = XCConfigurationList;
			buildConfigurations = (
				4E29BD281E76596200768906 /* Debug */,
				4E29BD291E76596200768906 /* Release */,
			);
			defaultConfigurationIsVisible = 0;
		};
		4E29BD2A1E76596200768906 /* Build configuration list for PBXNativeTarget "testDemoUITests" */ = {
			isa = XCConfigurationList;
			buildConfigurations = (
				4E29BD2B1E76596200768906 /* Debug */,
				4E29BD2C1E76596200768906 /* Release */,
			);
			defaultConfigurationIsVisible = 0;
		};
/* End XCConfigurationList section */
	};
	rootObject = 4E29BCEF1E76596100768906 /* Project object */;
}
